
Microsoft Visual Studio Solution File, Format Version 12.00
# Visual Studio Version 16
VisualStudioVersion = 16.0.30621.155
MinimumVisualStudioVersion = 10.0.40219.1
Project("{FAE04EC0-301F-11D3-BF4B-00C04F79EFBC}") = "FoodsList", "FoodsList\FoodsList.csproj", "{0C3C8652-348A-4251-AEFE-61207DFFC8BF}"
EndProject
Project("{FAE04EC0-301F-11D3-BF4B-00C04F79EFBC}") = "Model", "Model\Model.csproj", "{29C64A5B-2E3B-4D61-A457-8AA078F939CD}"
EndProject
Global
	GlobalSection(SolutionConfigurationPlatforms) = preSolution
		Debug|Any CPU = Debug|Any CPU
		Release|Any CPU = Release|Any CPU
	EndGlobalSection
	GlobalSection(ProjectConfigurationPlatforms) = postSolution
		{0C3C8652-348A-4251-AEFE-61207DFFC8BF}.Debug|Any CPU.ActiveCfg = Debug|Any CPU
		{0C3C8652-348A-4251-AEFE-61207DFFC8BF}.Debug|Any CPU.Build.0 = Debug|Any CPU
		{0C3C8652-348A-4251-AEFE-61207DFFC8BF}.Release|Any CPU.ActiveCfg = Release|Any CPU
		{0C3C8652-348A-4251-AEFE-61207DFFC8BF}.Release|Any CPU.Build.0 = Release|Any CPU
		{29C64A5B-2E3B-4D61-A457-8AA078F939CD}.Debug|Any CPU.ActiveCfg = Debug|Any CPU
		{29C64A5B-2E3B-4D61-A457-8AA078F939CD}.Debug|Any CPU.Build.0 = Debug|Any CPU
		{29C64A5B-2E3B-4D61-A457-8AA078F939CD}.Release|Any CPU.ActiveCfg = Release|Any CPU
		{29C64A5B-2E3B-4D61-A457-8AA078F939CD}.Release|Any CPU.Build.0 = Release|Any CPU
	EndGlobalSection
	GlobalSection(SolutionProperties) = preSolution
		HideSolutionNode = FALSE
	EndGlobalSection
	GlobalSection(ExtensibilityGlobals) = postSolution
		SolutionGuid = {03D9C60D-7332-44D0-B701-CB6D4F9E86DC}
	EndGlobalSection
EndGlobal
