
Microsoft Visual Studio Solution File, Format Version 12.00
# Visual Studio Version 16
VisualStudioVersion = 16.0.30503.244
MinimumVisualStudioVersion = 10.0.40219.1
Project("{FAE04EC0-301F-11D3-BF4B-00C04F79EFBC}") = "Bubbles", "Bubbles\Bubbles.csproj", "{95F1AE35-C4EB-47E2-92F4-580040D34B8B}"
EndProject
Global
	GlobalSection(SolutionConfigurationPlatforms) = preSolution
		Debug|Any CPU = Debug|Any CPU
		Release|Any CPU = Release|Any CPU
	EndGlobalSection
	GlobalSection(ProjectConfigurationPlatforms) = postSolution
		{95F1AE35-C4EB-47E2-92F4-580040D34B8B}.Debug|Any CPU.ActiveCfg = Debug|Any CPU
		{95F1AE35-C4EB-47E2-92F4-580040D34B8B}.Debug|Any CPU.Build.0 = Debug|Any CPU
		{95F1AE35-C4EB-47E2-92F4-580040D34B8B}.Release|Any CPU.ActiveCfg = Release|Any CPU
		{95F1AE35-C4EB-47E2-92F4-580040D34B8B}.Release|Any CPU.Build.0 = Release|Any CPU
	EndGlobalSection
	GlobalSection(SolutionProperties) = preSolution
		HideSolutionNode = FALSE
	EndGlobalSection
	GlobalSection(ExtensibilityGlobals) = postSolution
		SolutionGuid = {DC4576DC-C7B2-4736-8FAF-7E50BACE428A}
	EndGlobalSection
EndGlobal
