
Microsoft Visual Studio Solution File, Format Version 12.00
# Visual Studio Version 16
VisualStudioVersion = 16.0.30413.136
MinimumVisualStudioVersion = 10.0.40219.1
Project("{FAE04EC0-301F-11D3-BF4B-00C04F79EFBC}") = "AvStepeniB", "AvStepeniB\AvStepeniB.csproj", "{246D954C-87CC-4369-9013-CD749FC8B708}"
EndProject
Global
	GlobalSection(SolutionConfigurationPlatforms) = preSolution
		Debug|Any CPU = Debug|Any CPU
		Release|Any CPU = Release|Any CPU
	EndGlobalSection
	GlobalSection(ProjectConfigurationPlatforms) = postSolution
		{246D954C-87CC-4369-9013-CD749FC8B708}.Debug|Any CPU.ActiveCfg = Debug|Any CPU
		{246D954C-87CC-4369-9013-CD749FC8B708}.Debug|Any CPU.Build.0 = Debug|Any CPU
		{246D954C-87CC-4369-9013-CD749FC8B708}.Release|Any CPU.ActiveCfg = Release|Any CPU
		{246D954C-87CC-4369-9013-CD749FC8B708}.Release|Any CPU.Build.0 = Release|Any CPU
	EndGlobalSection
	GlobalSection(SolutionProperties) = preSolution
		HideSolutionNode = FALSE
	EndGlobalSection
	GlobalSection(ExtensibilityGlobals) = postSolution
		SolutionGuid = {4FF7532D-B6F6-4C29-91E3-86C55468D430}
	EndGlobalSection
EndGlobal
