
Microsoft Visual Studio Solution File, Format Version 12.00
# Visual Studio Version 16
VisualStudioVersion = 16.0.30503.244
MinimumVisualStudioVersion = 10.0.40219.1
Project("{FAE04EC0-301F-11D3-BF4B-00C04F79EFBC}") = "WpfTestMailSender", "WpfTestMailSender\WpfTestMailSender.csproj", "{E74B1A3A-7735-4D08-8AB5-9094C4091AFF}"
EndProject
Project("{FAE04EC0-301F-11D3-BF4B-00C04F79EFBC}") = "MyLib", "MyLib\MyLib.csproj", "{320474E7-9F2E-43FA-AAD5-D8BE4B870C89}"
EndProject
Project("{FAE04EC0-301F-11D3-BF4B-00C04F79EFBC}") = "CodePasswordDLL", "CodePasswordDLL\CodePasswordDLL.csproj", "{8F4C14BB-A629-4CD6-A0B7-63219AE85867}"
EndProject
Project("{FAE04EC0-301F-11D3-BF4B-00C04F79EFBC}") = "CodePassword.Tests", "CodePassword.Tests\CodePassword.Tests.csproj", "{29D697E0-80AE-49BF-9D99-F3875065C080}"
EndProject
Project("{FAE04EC0-301F-11D3-BF4B-00C04F79EFBC}") = "Email.Tests", "Email.Tests\Email.Tests.csproj", "{3F7B4E44-AC9E-45B7-83E6-2C0694352864}"
EndProject
Global
	GlobalSection(SolutionConfigurationPlatforms) = preSolution
		Debug|Any CPU = Debug|Any CPU
		Release|Any CPU = Release|Any CPU
	EndGlobalSection
	GlobalSection(ProjectConfigurationPlatforms) = postSolution
		{E74B1A3A-7735-4D08-8AB5-9094C4091AFF}.Debug|Any CPU.ActiveCfg = Debug|Any CPU
		{E74B1A3A-7735-4D08-8AB5-9094C4091AFF}.Debug|Any CPU.Build.0 = Debug|Any CPU
		{E74B1A3A-7735-4D08-8AB5-9094C4091AFF}.Release|Any CPU.ActiveCfg = Release|Any CPU
		{E74B1A3A-7735-4D08-8AB5-9094C4091AFF}.Release|Any CPU.Build.0 = Release|Any CPU
		{320474E7-9F2E-43FA-AAD5-D8BE4B870C89}.Debug|Any CPU.ActiveCfg = Debug|Any CPU
		{320474E7-9F2E-43FA-AAD5-D8BE4B870C89}.Debug|Any CPU.Build.0 = Debug|Any CPU
		{320474E7-9F2E-43FA-AAD5-D8BE4B870C89}.Release|Any CPU.ActiveCfg = Release|Any CPU
		{320474E7-9F2E-43FA-AAD5-D8BE4B870C89}.Release|Any CPU.Build.0 = Release|Any CPU
		{8F4C14BB-A629-4CD6-A0B7-63219AE85867}.Debug|Any CPU.ActiveCfg = Debug|Any CPU
		{8F4C14BB-A629-4CD6-A0B7-63219AE85867}.Debug|Any CPU.Build.0 = Debug|Any CPU
		{8F4C14BB-A629-4CD6-A0B7-63219AE85867}.Release|Any CPU.ActiveCfg = Release|Any CPU
		{8F4C14BB-A629-4CD6-A0B7-63219AE85867}.Release|Any CPU.Build.0 = Release|Any CPU
		{29D697E0-80AE-49BF-9D99-F3875065C080}.Debug|Any CPU.ActiveCfg = Debug|Any CPU
		{29D697E0-80AE-49BF-9D99-F3875065C080}.Debug|Any CPU.Build.0 = Debug|Any CPU
		{29D697E0-80AE-49BF-9D99-F3875065C080}.Release|Any CPU.ActiveCfg = Release|Any CPU
		{29D697E0-80AE-49BF-9D99-F3875065C080}.Release|Any CPU.Build.0 = Release|Any CPU
		{3F7B4E44-AC9E-45B7-83E6-2C0694352864}.Debug|Any CPU.ActiveCfg = Debug|Any CPU
		{3F7B4E44-AC9E-45B7-83E6-2C0694352864}.Debug|Any CPU.Build.0 = Debug|Any CPU
		{3F7B4E44-AC9E-45B7-83E6-2C0694352864}.Release|Any CPU.ActiveCfg = Release|Any CPU
		{3F7B4E44-AC9E-45B7-83E6-2C0694352864}.Release|Any CPU.Build.0 = Release|Any CPU
	EndGlobalSection
	GlobalSection(SolutionProperties) = preSolution
		HideSolutionNode = FALSE
	EndGlobalSection
	GlobalSection(ExtensibilityGlobals) = postSolution
		SolutionGuid = {C335693D-A1B7-462D-A70C-9FB163D4A68F}
	EndGlobalSection
EndGlobal
