
Microsoft Visual Studio Solution File, Format Version 12.00
# Visual Studio Version 16
VisualStudioVersion = 16.0.30503.244
MinimumVisualStudioVersion = 10.0.40219.1
Project("{FAE04EC0-301F-11D3-BF4B-00C04F79EFBC}") = "AlgPostfixApp", "AlgPostfixApp\AlgPostfixApp.csproj", "{36E0A655-E645-4DB9-9A1F-0C8389468954}"
EndProject
Global
	GlobalSection(SolutionConfigurationPlatforms) = preSolution
		Debug|Any CPU = Debug|Any CPU
		Release|Any CPU = Release|Any CPU
	EndGlobalSection
	GlobalSection(ProjectConfigurationPlatforms) = postSolution
		{36E0A655-E645-4DB9-9A1F-0C8389468954}.Debug|Any CPU.ActiveCfg = Debug|Any CPU
		{36E0A655-E645-4DB9-9A1F-0C8389468954}.Debug|Any CPU.Build.0 = Debug|Any CPU
		{36E0A655-E645-4DB9-9A1F-0C8389468954}.Release|Any CPU.ActiveCfg = Release|Any CPU
		{36E0A655-E645-4DB9-9A1F-0C8389468954}.Release|Any CPU.Build.0 = Release|Any CPU
	EndGlobalSection
	GlobalSection(SolutionProperties) = preSolution
		HideSolutionNode = FALSE
	EndGlobalSection
	GlobalSection(ExtensibilityGlobals) = postSolution
		SolutionGuid = {E29629E2-0233-49F2-A7F2-1173A41B0422}
	EndGlobalSection
EndGlobal
