
Microsoft Visual Studio Solution File, Format Version 12.00
# Visual Studio Version 16
VisualStudioVersion = 16.0.30503.244
MinimumVisualStudioVersion = 10.0.40219.1
Project("{FAE04EC0-301F-11D3-BF4B-00C04F79EFBC}") = "HashApp", "HashApp\HashApp.csproj", "{54FA1C8F-E108-473A-9331-510B3818612D}"
EndProject
Project("{FAE04EC0-301F-11D3-BF4B-00C04F79EFBC}") = "TreeApp", "TreeApp\TreeApp.csproj", "{104C27B4-DF6E-4D99-8DD0-3069B9686F26}"
EndProject
Global
	GlobalSection(SolutionConfigurationPlatforms) = preSolution
		Debug|Any CPU = Debug|Any CPU
		Release|Any CPU = Release|Any CPU
	EndGlobalSection
	GlobalSection(ProjectConfigurationPlatforms) = postSolution
		{54FA1C8F-E108-473A-9331-510B3818612D}.Debug|Any CPU.ActiveCfg = Debug|Any CPU
		{54FA1C8F-E108-473A-9331-510B3818612D}.Debug|Any CPU.Build.0 = Debug|Any CPU
		{54FA1C8F-E108-473A-9331-510B3818612D}.Release|Any CPU.ActiveCfg = Release|Any CPU
		{54FA1C8F-E108-473A-9331-510B3818612D}.Release|Any CPU.Build.0 = Release|Any CPU
		{104C27B4-DF6E-4D99-8DD0-3069B9686F26}.Debug|Any CPU.ActiveCfg = Debug|Any CPU
		{104C27B4-DF6E-4D99-8DD0-3069B9686F26}.Debug|Any CPU.Build.0 = Debug|Any CPU
		{104C27B4-DF6E-4D99-8DD0-3069B9686F26}.Release|Any CPU.ActiveCfg = Release|Any CPU
		{104C27B4-DF6E-4D99-8DD0-3069B9686F26}.Release|Any CPU.Build.0 = Release|Any CPU
	EndGlobalSection
	GlobalSection(SolutionProperties) = preSolution
		HideSolutionNode = FALSE
	EndGlobalSection
	GlobalSection(ExtensibilityGlobals) = postSolution
		SolutionGuid = {53D75D76-C6F1-4527-B727-7798F577955D}
	EndGlobalSection
EndGlobal
